
Microsoft Visual Studio Solution File, Format Version 12.00
# Visual Studio Version 17
VisualStudioVersion = 17.14.36414.22
MinimumVisualStudioVersion = 10.0.40219.1
Project("{8BC9CEB8-8B4A-11D0-8D11-00A0C91BC942}") = "Engine", "Engine\Engine.vcxproj", "{DDE7303D-A2BB-4122-A1A7-64278F832892}"
EndProject
Project("{8BC9CEB8-8B4A-11D0-8D11-00A0C91BC942}") = "Game", "Game\Game.vcxproj", "{D11EC359-6784-4BF8-AAE6-170E9748EEF2}"
EndProject
Global
	GlobalSection(SolutionConfigurationPlatforms) = preSolution
		Debug|x64 = Debug|x64
		Release|x64 = Release|x64
	EndGlobalSection
	GlobalSection(ProjectConfigurationPlatforms) = postSolution
		{DDE7303D-A2BB-4122-A1A7-64278F832892}.Debug|x64.ActiveCfg = Debug|x64
		{DDE7303D-A2BB-4122-A1A7-64278F832892}.Debug|x64.Build.0 = Debug|x64
		{DDE7303D-A2BB-4122-A1A7-64278F832892}.Release|x64.ActiveCfg = Release|x64
		{DDE7303D-A2BB-4122-A1A7-64278F832892}.Release|x64.Build.0 = Release|x64
		{D11EC359-6784-4BF8-AAE6-170E9748EEF2}.Debug|x64.ActiveCfg = Debug|x64
		{D11EC359-6784-4BF8-AAE6-170E9748EEF2}.Debug|x64.Build.0 = Debug|x64
		{D11EC359-6784-4BF8-AAE6-170E9748EEF2}.Release|x64.ActiveCfg = Release|x64
		{D11EC359-6784-4BF8-AAE6-170E9748EEF2}.Release|x64.Build.0 = Release|x64
	EndGlobalSection
	GlobalSection(SolutionProperties) = preSolution
		HideSolutionNode = FALSE
	EndGlobalSection
	GlobalSection(ExtensibilityGlobals) = postSolution
		SolutionGuid = {BF00EAF8-008C-48CD-B2A8-6C1C449F249B}
	EndGlobalSection
EndGlobal
